
Microsoft Visual Studio Solution File, Format Version 12.00
# Visual Studio Version 17
VisualStudioVersion = 17.2.32616.157
MinimumVisualStudioVersion = 10.0.40219.1
Project("{FAE04EC0-301F-11D3-BF4B-00C04F79EFBC}") = "test exel", "test exel\test exel.csproj", "{8CE1FD78-7293-42A8-92CD-FB9095902158}"
EndProject
Global
	GlobalSection(SolutionConfigurationPlatforms) = preSolution
		Debug|Any CPU = Debug|Any CPU
		Release|Any CPU = Release|Any CPU
	EndGlobalSection
	GlobalSection(ProjectConfigurationPlatforms) = postSolution
		{8CE1FD78-7293-42A8-92CD-FB9095902158}.Debug|Any CPU.ActiveCfg = Debug|Any CPU
		{8CE1FD78-7293-42A8-92CD-FB9095902158}.Debug|Any CPU.Build.0 = Debug|Any CPU
		{8CE1FD78-7293-42A8-92CD-FB9095902158}.Release|Any CPU.ActiveCfg = Release|Any CPU
		{8CE1FD78-7293-42A8-92CD-FB9095902158}.Release|Any CPU.Build.0 = Release|Any CPU
	EndGlobalSection
	GlobalSection(SolutionProperties) = preSolution
		HideSolutionNode = FALSE
	EndGlobalSection
	GlobalSection(ExtensibilityGlobals) = postSolution
		SolutionGuid = {019EB684-1CE3-4691-8627-2E9CB13C3FD5}
	EndGlobalSection
EndGlobal
